{
  "version": 4,
  "terraform_version": "1.3.3",
  "serial": 19,
  "lineage": "67464e58-2bfd-22eb-3e2e-d5cc2a3487e3",
  "outputs": {},
  "resources": [
    {
      "module": "module.aws_demo_s3",
      "mode": "managed",
      "type": "aws_s3_bucket",
      "name": "s3_demo_bucket",
      "provider": "provider[\"registry.terraform.io/hashicorp/aws\"]",
      "instances": [
        {
          "schema_version": 0,
          "attributes": {
            "acceleration_status": "",
            "acl": null,
            "arn": "arn:aws:s3:::sudheer-eks-devops-demo",
            "bucket": "sudheer-eks-devops-demo",
            "bucket_domain_name": "sudheer-eks-devops-demo.s3.amazonaws.com",
            "bucket_prefix": null,
            "bucket_regional_domain_name": "sudheer-eks-devops-demo.s3.amazonaws.com",
            "cors_rule": [],
            "force_destroy": false,
            "grant": [
              {
                "id": "",
                "permissions": [
                  "READ"
                ],
                "type": "Group",
                "uri": "http://acs.amazonaws.com/groups/global/AllUsers"
              },
              {
                "id": "e8972a80d3fa17636da1f29a744f553ea4f5e4b8af6e6c8a8d3f9de20952bf4d",
                "permissions": [
                  "FULL_CONTROL"
                ],
                "type": "CanonicalUser",
                "uri": ""
              }
            ],
            "hosted_zone_id": "Z3AQBSTGFYJSTF",
            "id": "sudheer-eks-devops-demo",
            "lifecycle_rule": [],
            "logging": [],
            "object_lock_configuration": [],
            "object_lock_enabled": false,
            "policy": "{\"Version\":\"2012-10-17\",\"Statement\":[{\"Sid\":\"PublicReadGetObject\",\"Effect\":\"Allow\",\"Principal\":\"*\",\"Action\":\"s3:GetObject\",\"Resource\":\"arn:aws:s3:::sudheer-eks-devops-demo/*\"}]}",
            "region": "us-east-1",
            "replication_configuration": [],
            "request_payer": "BucketOwner",
            "server_side_encryption_configuration": [],
            "tags": {
              "Name": "production-sudheer-eks-devops-demo"
            },
            "tags_all": {
              "Name": "production-sudheer-eks-devops-demo"
            },
            "timeouts": null,
            "versioning": [
              {
                "enabled": false,
                "mfa_delete": false
              }
            ],
            "website": [
              {
                "error_document": "error.html",
                "index_document": "index.html",
                "redirect_all_requests_to": "",
                "routing_rules": ""
              }
            ],
            "website_domain": "s3-website-us-east-1.amazonaws.com",
            "website_endpoint": "sudheer-eks-devops-demo.s3-website-us-east-1.amazonaws.com"
          },
          "sensitive_attributes": [],
          "private": "eyJlMmJmYjczMC1lY2FhLTExZTYtOGY4OC0zNDM2M2JjN2M0YzAiOnsiY3JlYXRlIjoxMjAwMDAwMDAwMDAwLCJkZWxldGUiOjM2MDAwMDAwMDAwMDAsInJlYWQiOjEyMDAwMDAwMDAwMDAsInVwZGF0ZSI6MTIwMDAwMDAwMDAwMH19"
        }
      ]
    },
    {
      "module": "module.aws_demo_s3",
      "mode": "managed",
      "type": "aws_s3_bucket_acl",
      "name": "public_acl",
      "provider": "provider[\"registry.terraform.io/hashicorp/aws\"]",
      "instances": [
        {
          "schema_version": 0,
          "attributes": {
            "access_control_policy": [
              {
                "grant": [
                  {
                    "grantee": [
                      {
                        "display_name": "",
                        "email_address": "",
                        "id": "",
                        "type": "Group",
                        "uri": "http://acs.amazonaws.com/groups/global/AllUsers"
                      }
                    ],
                    "permission": "READ"
                  },
                  {
                    "grantee": [
                      {
                        "display_name": "raghav.kondagari",
                        "email_address": "",
                        "id": "e8972a80d3fa17636da1f29a744f553ea4f5e4b8af6e6c8a8d3f9de20952bf4d",
                        "type": "CanonicalUser",
                        "uri": ""
                      }
                    ],
                    "permission": "FULL_CONTROL"
                  }
                ],
                "owner": [
                  {
                    "display_name": "raghav.kondagari",
                    "id": "e8972a80d3fa17636da1f29a744f553ea4f5e4b8af6e6c8a8d3f9de20952bf4d"
                  }
                ]
              }
            ],
            "acl": "public-read",
            "bucket": "sudheer-eks-devops-demo",
            "expected_bucket_owner": "",
            "id": "sudheer-eks-devops-demo,public-read"
          },
          "sensitive_attributes": [],
          "private": "bnVsbA==",
          "dependencies": [
            "module.aws_demo_s3.aws_s3_bucket.s3_demo_bucket"
          ]
        }
      ]
    },
    {
      "module": "module.aws_demo_s3",
      "mode": "managed",
      "type": "aws_s3_bucket_policy",
      "name": "public_read_access",
      "provider": "provider[\"registry.terraform.io/hashicorp/aws\"]",
      "instances": [
        {
          "schema_version": 0,
          "attributes": {
            "bucket": "sudheer-eks-devops-demo",
            "id": "sudheer-eks-devops-demo",
            "policy": "{\"Statement\":[{\"Action\":[\"s3:GetObject\"],\"Effect\":\"Allow\",\"Principal\":\"*\",\"Resource\":[\"arn:aws:s3:::sudheer-eks-devops-demo/*\"],\"Sid\":\"PublicReadGetObject\"}],\"Version\":\"2012-10-17\"}"
          },
          "sensitive_attributes": [],
          "private": "bnVsbA==",
          "dependencies": [
            "module.aws_demo_s3.aws_s3_bucket.s3_demo_bucket"
          ]
        }
      ]
    },
    {
      "module": "module.aws_demo_s3",
      "mode": "managed",
      "type": "aws_s3_bucket_website_configuration",
      "name": "static_website_host",
      "provider": "provider[\"registry.terraform.io/hashicorp/aws\"]",
      "instances": [
        {
          "schema_version": 0,
          "attributes": {
            "bucket": "sudheer-eks-devops-demo",
            "error_document": [
              {
                "key": "error.html"
              }
            ],
            "expected_bucket_owner": "",
            "id": "sudheer-eks-devops-demo",
            "index_document": [
              {
                "suffix": "index.html"
              }
            ],
            "redirect_all_requests_to": [],
            "routing_rule": [],
            "routing_rules": "",
            "website_domain": "s3-website-us-east-1.amazonaws.com",
            "website_endpoint": "sudheer-eks-devops-demo.s3-website-us-east-1.amazonaws.com"
          },
          "sensitive_attributes": [],
          "private": "bnVsbA==",
          "dependencies": [
            "module.aws_demo_s3.aws_s3_bucket.s3_demo_bucket"
          ]
        }
      ]
    }
  ],
  "check_results": []
}
